
Microsoft Visual Studio Solution File, Format Version 12.00
# Visual Studio Version 17
VisualStudioVersion = 17.11.35208.52
MinimumVisualStudioVersion = 10.0.40219.1
Project("{2150E333-8FDC-42A3-9474-1A3956D46DE8}") = "Solution Items", "Solution Items", "{6E2948B5-13A6-4A76-8D7A-50B57C09BFE5}"
	ProjectSection(SolutionItems) = preProject
		.editorconfig = .editorconfig
	EndProjectSection
EndProject
Project("{9A19103F-16F7-4668-BE54-9A1E7A4F7556}") = "BHTDS", "BHTDS\BHTDS.csproj", "{7D4D65C4-3811-4B83-8431-027F7FBFD8D0}"
EndProject
Project("{9A19103F-16F7-4668-BE54-9A1E7A4F7556}") = "BHTDS.Engine", "BHTDS.Engine\BHTDS.Engine.csproj", "{B161FF6D-4258-4BF4-925B-EF5102E8E523}"
EndProject
Global
	GlobalSection(SolutionConfigurationPlatforms) = preSolution
		Debug|Any CPU = Debug|Any CPU
		Release|Any CPU = Release|Any CPU
	EndGlobalSection
	GlobalSection(ProjectConfigurationPlatforms) = postSolution
		{7D4D65C4-3811-4B83-8431-027F7FBFD8D0}.Debug|Any CPU.ActiveCfg = Debug|Any CPU
		{7D4D65C4-3811-4B83-8431-027F7FBFD8D0}.Debug|Any CPU.Build.0 = Debug|Any CPU
		{7D4D65C4-3811-4B83-8431-027F7FBFD8D0}.Release|Any CPU.ActiveCfg = Release|Any CPU
		{7D4D65C4-3811-4B83-8431-027F7FBFD8D0}.Release|Any CPU.Build.0 = Release|Any CPU
		{B161FF6D-4258-4BF4-925B-EF5102E8E523}.Debug|Any CPU.ActiveCfg = Debug|Any CPU
		{B161FF6D-4258-4BF4-925B-EF5102E8E523}.Debug|Any CPU.Build.0 = Debug|Any CPU
		{B161FF6D-4258-4BF4-925B-EF5102E8E523}.Release|Any CPU.ActiveCfg = Release|Any CPU
		{B161FF6D-4258-4BF4-925B-EF5102E8E523}.Release|Any CPU.Build.0 = Release|Any CPU
	EndGlobalSection
	GlobalSection(SolutionProperties) = preSolution
		HideSolutionNode = FALSE
	EndGlobalSection
	GlobalSection(ExtensibilityGlobals) = postSolution
		SolutionGuid = {EEE52461-57C9-4488-8AA6-84F9EC54C68D}
	EndGlobalSection
EndGlobal
